// !$*UTF8*$!
{
	archiveVersion = 1;
	classes = {
	};
	objectVersion = 56;
	objects = {

/* Begin PBXBuildFile section */
		09D1D0C92B9F144700091D7E /* AppDelegate.swift in Sources */ = {isa = PBXBuildFile; fileRef = 09D1D0C82B9F144700091D7E /* AppDelegate.swift */; };
		09D1D0CB2B9F144700091D7E /* SceneDelegate.swift in Sources */ = {isa = PBXBuildFile; fileRef = 09D1D0CA2B9F144700091D7E /* SceneDelegate.swift */; };
		09D1D0D22B9F144800091D7E /* Assets.xcassets in Resources */ = {isa = PBXBuildFile; fileRef = 09D1D0D12B9F144800091D7E /* Assets.xcassets */; };
		09D1D0D52B9F144800091D7E /* Base in Resources */ = {isa = PBXBuildFile; fileRef = 09D1D0D42B9F144800091D7E /* Base */; };
		09D1D0F42B9F14BC00091D7E /* ViewController.swift in Sources */ = {isa = PBXBuildFile; fileRef = 09D1D0F22B9F14BC00091D7E /* ViewController.swift */; };
		09D1D0F52B9F14BC00091D7E /* NetworkManager.swift in Sources */ = {isa = PBXBuildFile; fileRef = 09D1D0EF2B9F14BC00091D7E /* NetworkManager.swift */; };
		09D1D0F62B9F14BC00091D7E /* User.swift in Sources */ = {isa = PBXBuildFile; fileRef = 09D1D0ED2B9F14BC00091D7E /* User.swift */; };
		09D1D0F72B9F14BC00091D7E /* SignInViewController.swift in Sources */ = {isa = PBXBuildFile; fileRef = 09D1D0F32B9F14BC00091D7E /* SignInViewController.swift */; };
		09D1D0F82B9F14BC00091D7E /* TokenResponse.swift in Sources */ = {isa = PBXBuildFile; fileRef = 09D1D0EC2B9F14BC00091D7E /* TokenResponse.swift */; };
		09D1D0F92B9F14BC00091D7E /* SignUpViewController.swift in Sources */ = {isa = PBXBuildFile; fileRef = 09D1D0F12B9F14BC00091D7E /* SignUpViewController.swift */; };
		09EF8C8D2BA049B40036BD01 /* Child.swift in Sources */ = {isa = PBXBuildFile; fileRef = 09EF8C8C2BA049B40036BD01 /* Child.swift */; };
		09EF8C8F2BA194DA0036BD01 /* NurseriesListTableview.swift in Sources */ = {isa = PBXBuildFile; fileRef = 09EF8C8E2BA194DA0036BD01 /* NurseriesListTableview.swift */; };
		09EF8C912BA195120036BD01 /* Nursery.swift in Sources */ = {isa = PBXBuildFile; fileRef = 09EF8C902BA195120036BD01 /* Nursery.swift */; };
		4165EB042B9F1A8D00C494DD /* Eureka in Frameworks */ = {isa = PBXBuildFile; productRef = 4165EB032B9F1A8D00C494DD /* Eureka */; };
		4165EB072B9F1AA800C494DD /* SnapKit in Frameworks */ = {isa = PBXBuildFile; productRef = 4165EB062B9F1AA800C494DD /* SnapKit */; };
		4165EB092B9F1AA800C494DD /* SnapKit-Dynamic in Frameworks */ = {isa = PBXBuildFile; productRef = 4165EB082B9F1AA800C494DD /* SnapKit-Dynamic */; };
		4165EB0C2B9F1AB400C494DD /* Alamofire in Frameworks */ = {isa = PBXBuildFile; productRef = 4165EB0B2B9F1AB400C494DD /* Alamofire */; };
		4165EB0E2B9F1AB400C494DD /* AlamofireDynamic in Frameworks */ = {isa = PBXBuildFile; productRef = 4165EB0D2B9F1AB400C494DD /* AlamofireDynamic */; };
		4165EB112B9F1ACB00C494DD /* Kingfisher in Frameworks */ = {isa = PBXBuildFile; productRef = 4165EB102B9F1ACB00C494DD /* Kingfisher */; };
		4165EB132B9F1B1400C494DD /* RegisterChildViewController.swift in Sources */ = {isa = PBXBuildFile; fileRef = 4165EB122B9F1B1400C494DD /* RegisterChildViewController.swift */; };
/* End PBXBuildFile section */

/* Begin PBXFileReference section */
		09D1D0C52B9F144700091D7E /* NurseryApp.app */ = {isa = PBXFileReference; explicitFileType = wrapper.application; includeInIndex = 0; path = NurseryApp.app; sourceTree = BUILT_PRODUCTS_DIR; };
		09D1D0C82B9F144700091D7E /* AppDelegate.swift */ = {isa = PBXFileReference; lastKnownFileType = sourcecode.swift; path = AppDelegate.swift; sourceTree = "<group>"; };
		09D1D0CA2B9F144700091D7E /* SceneDelegate.swift */ = {isa = PBXFileReference; lastKnownFileType = sourcecode.swift; path = SceneDelegate.swift; sourceTree = "<group>"; };
		09D1D0D12B9F144800091D7E /* Assets.xcassets */ = {isa = PBXFileReference; lastKnownFileType = folder.assetcatalog; path = Assets.xcassets; sourceTree = "<group>"; };
		09D1D0D42B9F144800091D7E /* Base */ = {isa = PBXFileReference; lastKnownFileType = file.storyboard; name = Base; path = Base.lproj/LaunchScreen.storyboard; sourceTree = "<group>"; };
		09D1D0D62B9F144800091D7E /* Info.plist */ = {isa = PBXFileReference; lastKnownFileType = text.plist.xml; path = Info.plist; sourceTree = "<group>"; };
		09D1D0EC2B9F14BC00091D7E /* TokenResponse.swift */ = {isa = PBXFileReference; lastKnownFileType = sourcecode.swift; path = TokenResponse.swift; sourceTree = "<group>"; };
		09D1D0ED2B9F14BC00091D7E /* User.swift */ = {isa = PBXFileReference; lastKnownFileType = sourcecode.swift; path = User.swift; sourceTree = "<group>"; };
		09D1D0EF2B9F14BC00091D7E /* NetworkManager.swift */ = {isa = PBXFileReference; lastKnownFileType = sourcecode.swift; path = NetworkManager.swift; sourceTree = "<group>"; };
		09D1D0F12B9F14BC00091D7E /* SignUpViewController.swift */ = {isa = PBXFileReference; lastKnownFileType = sourcecode.swift; path = SignUpViewController.swift; sourceTree = "<group>"; };
		09D1D0F22B9F14BC00091D7E /* ViewController.swift */ = {isa = PBXFileReference; lastKnownFileType = sourcecode.swift; path = ViewController.swift; sourceTree = "<group>"; };
		09D1D0F32B9F14BC00091D7E /* SignInViewController.swift */ = {isa = PBXFileReference; lastKnownFileType = sourcecode.swift; path = SignInViewController.swift; sourceTree = "<group>"; };
		09EF8C8C2BA049B40036BD01 /* Child.swift */ = {isa = PBXFileReference; fileEncoding = 4; lastKnownFileType = sourcecode.swift; path = Child.swift; sourceTree = "<group>"; };
		09EF8C8E2BA194DA0036BD01 /* NurseriesListTableview.swift */ = {isa = PBXFileReference; lastKnownFileType = sourcecode.swift; path = NurseriesListTableview.swift; sourceTree = "<group>"; };
		09EF8C902BA195120036BD01 /* Nursery.swift */ = {isa = PBXFileReference; lastKnownFileType = sourcecode.swift; path = Nursery.swift; sourceTree = "<group>"; };
		4165EB122B9F1B1400C494DD /* RegisterChildViewController.swift */ = {isa = PBXFileReference; lastKnownFileType = sourcecode.swift; path = RegisterChildViewController.swift; sourceTree = "<group>"; };
/* End PBXFileReference section */

/* Begin PBXFrameworksBuildPhase section */
		09D1D0C22B9F144700091D7E /* Frameworks */ = {
			isa = PBXFrameworksBuildPhase;
			buildActionMask = 2147483647;
			files = (
				4165EB112B9F1ACB00C494DD /* Kingfisher in Frameworks */,
				4165EB042B9F1A8D00C494DD /* Eureka in Frameworks */,
				4165EB0C2B9F1AB400C494DD /* Alamofire in Frameworks */,
				4165EB0E2B9F1AB400C494DD /* AlamofireDynamic in Frameworks */,
				4165EB072B9F1AA800C494DD /* SnapKit in Frameworks */,
				4165EB092B9F1AA800C494DD /* SnapKit-Dynamic in Frameworks */,
			);
			runOnlyForDeploymentPostprocessing = 0;
		};
/* End PBXFrameworksBuildPhase section */

/* Begin PBXGroup section */
		09D1D0BC2B9F144700091D7E = {
			isa = PBXGroup;
			children = (
				09D1D0C72B9F144700091D7E /* NurseryApp */,
				09D1D0C62B9F144700091D7E /* Products */,
			);
			sourceTree = "<group>";
		};
		09D1D0C62B9F144700091D7E /* Products */ = {
			isa = PBXGroup;
			children = (
				09D1D0C52B9F144700091D7E /* NurseryApp.app */,
			);
			name = Products;
			sourceTree = "<group>";
		};
		09D1D0C72B9F144700091D7E /* NurseryApp */ = {
			isa = PBXGroup;
			children = (
				09D1D10A2B9F161200091D7E /* Supporting */,
				09D1D0EB2B9F14BC00091D7E /* Model */,
				09D1D0EE2B9F14BC00091D7E /* Network */,
				09D1D0F02B9F14BC00091D7E /* VC */,
				09D1D0D12B9F144800091D7E /* Assets.xcassets */,
				09D1D0D32B9F144800091D7E /* LaunchScreen.storyboard */,
				09D1D0D62B9F144800091D7E /* Info.plist */,
			);
			path = NurseryApp;
			sourceTree = "<group>";
		};
		09D1D0EB2B9F14BC00091D7E /* Model */ = {
			isa = PBXGroup;
			children = (
				09EF8C8C2BA049B40036BD01 /* Child.swift */,
				09D1D0EC2B9F14BC00091D7E /* TokenResponse.swift */,
				09D1D0ED2B9F14BC00091D7E /* User.swift */,
				09EF8C902BA195120036BD01 /* Nursery.swift */,
			);
			path = Model;
			sourceTree = "<group>";
		};
		09D1D0EE2B9F14BC00091D7E /* Network */ = {
			isa = PBXGroup;
			children = (
				09D1D0EF2B9F14BC00091D7E /* NetworkManager.swift */,
			);
			path = Network;
			sourceTree = "<group>";
		};
		09D1D0F02B9F14BC00091D7E /* VC */ = {
			isa = PBXGroup;
			children = (
				09D1D0F32B9F14BC00091D7E /* SignInViewController.swift */,
				09D1D0F12B9F14BC00091D7E /* SignUpViewController.swift */,
				09D1D0F22B9F14BC00091D7E /* ViewController.swift */,
				4165EB122B9F1B1400C494DD /* RegisterChildViewController.swift */,
				09EF8C8E2BA194DA0036BD01 /* NurseriesListTableview.swift */,
			);
			path = VC;
			sourceTree = "<group>";
		};
		09D1D10A2B9F161200091D7E /* Supporting */ = {
			isa = PBXGroup;
			children = (
				09D1D0CA2B9F144700091D7E /* SceneDelegate.swift */,
				09D1D0C82B9F144700091D7E /* AppDelegate.swift */,
			);
			path = Supporting;
			sourceTree = "<group>";
		};
/* End PBXGroup section */

/* Begin PBXNativeTarget section */
		09D1D0C42B9F144700091D7E /* NurseryApp */ = {
			isa = PBXNativeTarget;
			buildConfigurationList = 09D1D0D92B9F144800091D7E /* Build configuration list for PBXNativeTarget "NurseryApp" */;
			buildPhases = (
				09D1D0C12B9F144700091D7E /* Sources */,
				09D1D0C22B9F144700091D7E /* Frameworks */,
				09D1D0C32B9F144700091D7E /* Resources */,
			);
			buildRules = (
			);
			dependencies = (
			);
			name = NurseryApp;
			packageProductDependencies = (
				4165EB032B9F1A8D00C494DD /* Eureka */,
				4165EB062B9F1AA800C494DD /* SnapKit */,
				4165EB082B9F1AA800C494DD /* SnapKit-Dynamic */,
				4165EB0B2B9F1AB400C494DD /* Alamofire */,
				4165EB0D2B9F1AB400C494DD /* AlamofireDynamic */,
				4165EB102B9F1ACB00C494DD /* Kingfisher */,
			);
			productName = NurseryApp;
			productReference = 09D1D0C52B9F144700091D7E /* NurseryApp.app */;
			productType = "com.apple.product-type.application";
		};
/* End PBXNativeTarget section */

/* Begin PBXProject section */
		09D1D0BD2B9F144700091D7E /* Project object */ = {
			isa = PBXProject;
			attributes = {
				BuildIndependentTargetsInParallel = 1;
				LastSwiftUpdateCheck = 1530;
				LastUpgradeCheck = 1530;
				TargetAttributes = {
					09D1D0C42B9F144700091D7E = {
						CreatedOnToolsVersion = 15.3;
					};
				};
			};
			buildConfigurationList = 09D1D0C02B9F144700091D7E /* Build configuration list for PBXProject "NurseryApp" */;
			compatibilityVersion = "Xcode 14.0";
			developmentRegion = en;
			hasScannedForEncodings = 0;
			knownRegions = (
				en,
				Base,
			);
			mainGroup = 09D1D0BC2B9F144700091D7E;
			packageReferences = (
				4165EB022B9F1A8C00C494DD /* XCRemoteSwiftPackageReference "Eureka" */,
				4165EB052B9F1AA800C494DD /* XCRemoteSwiftPackageReference "SnapKit" */,
				4165EB0A2B9F1AB400C494DD /* XCRemoteSwiftPackageReference "Alamofire" */,
				4165EB0F2B9F1ACB00C494DD /* XCRemoteSwiftPackageReference "Kingfisher" */,
			);
			productRefGroup = 09D1D0C62B9F144700091D7E /* Products */;
			projectDirPath = "";
			projectRoot = "";
			targets = (
				09D1D0C42B9F144700091D7E /* NurseryApp */,
			);
		};
/* End PBXProject section */

/* Begin PBXResourcesBuildPhase section */
		09D1D0C32B9F144700091D7E /* Resources */ = {
			isa = PBXResourcesBuildPhase;
			buildActionMask = 2147483647;
			files = (
				09D1D0D22B9F144800091D7E /* Assets.xcassets in Resources */,
				09D1D0D52B9F144800091D7E /* Base in Resources */,
			);
			runOnlyForDeploymentPostprocessing = 0;
		};
/* End PBXResourcesBuildPhase section */

/* Begin PBXSourcesBuildPhase section */
		09D1D0C12B9F144700091D7E /* Sources */ = {
			isa = PBXSourcesBuildPhase;
			buildActionMask = 2147483647;
			files = (
				09D1D0F42B9F14BC00091D7E /* ViewController.swift in Sources */,
				09D1D0F82B9F14BC00091D7E /* TokenResponse.swift in Sources */,
				09D1D0F52B9F14BC00091D7E /* NetworkManager.swift in Sources */,
				09D1D0F72B9F14BC00091D7E /* SignInViewController.swift in Sources */,
				09EF8C912BA195120036BD01 /* Nursery.swift in Sources */,
				4165EB132B9F1B1400C494DD /* RegisterChildViewController.swift in Sources */,
				09D1D0C92B9F144700091D7E /* AppDelegate.swift in Sources */,
				09D1D0F92B9F14BC00091D7E /* SignUpViewController.swift in Sources */,
				09EF8C8F2BA194DA0036BD01 /* NurseriesListTableview.swift in Sources */,
				09D1D0F62B9F14BC00091D7E /* User.swift in Sources */,
				09EF8C8D2BA049B40036BD01 /* Child.swift in Sources */,
				09D1D0CB2B9F144700091D7E /* SceneDelegate.swift in Sources */,
			);
			runOnlyForDeploymentPostprocessing = 0;
		};
/* End PBXSourcesBuildPhase section */

/* Begin PBXVariantGroup section */
		09D1D0D32B9F144800091D7E /* LaunchScreen.storyboard */ = {
			isa = PBXVariantGroup;
			children = (
				09D1D0D42B9F144800091D7E /* Base */,
			);
			name = LaunchScreen.storyboard;
			sourceTree = "<group>";
		};
/* End PBXVariantGroup section */

/* Begin XCBuildConfiguration section */
		09D1D0D72B9F144800091D7E /* Debug */ = {
			isa = XCBuildConfiguration;
			buildSettings = {
				ALWAYS_SEARCH_USER_PATHS = NO;
				ASSETCATALOG_COMPILER_GENERATE_SWIFT_ASSET_SYMBOL_EXTENSIONS = YES;
				CLANG_ANALYZER_NONNULL = YES;
				CLANG_ANALYZER_NUMBER_OBJECT_CONVERSION = YES_AGGRESSIVE;
				CLANG_CXX_LANGUAGE_STANDARD = "gnu++20";
				CLANG_ENABLE_MODULES = YES;
				CLANG_ENABLE_OBJC_ARC = YES;
				CLANG_ENABLE_OBJC_WEAK = YES;
				CLANG_WARN_BLOCK_CAPTURE_AUTORELEASING = YES;
				CLANG_WARN_BOOL_CONVERSION = YES;
				CLANG_WARN_COMMA = YES;
				CLANG_WARN_CONSTANT_CONVERSION = YES;
				CLANG_WARN_DEPRECATED_OBJC_IMPLEMENTATIONS = YES;
				CLANG_WARN_DIRECT_OBJC_ISA_USAGE = YES_ERROR;
				CLANG_WARN_DOCUMENTATION_COMMENTS = YES;
				CLANG_WARN_EMPTY_BODY = YES;
				CLANG_WARN_ENUM_CONVERSION = YES;
				CLANG_WARN_INFINITE_RECURSION = YES;
				CLANG_WARN_INT_CONVERSION = YES;
				CLANG_WARN_NON_LITERAL_NULL_CONVERSION = YES;
				CLANG_WARN_OBJC_IMPLICIT_RETAIN_SELF = YES;
				CLANG_WARN_OBJC_LITERAL_CONVERSION = YES;
				CLANG_WARN_OBJC_ROOT_CLASS = YES_ERROR;
				CLANG_WARN_QUOTED_INCLUDE_IN_FRAMEWORK_HEADER = YES;
				CLANG_WARN_RANGE_LOOP_ANALYSIS = YES;
				CLANG_WARN_STRICT_PROTOTYPES = YES;
				CLANG_WARN_SUSPICIOUS_MOVE = YES;
				CLANG_WARN_UNGUARDED_AVAILABILITY = YES_AGGRESSIVE;
				CLANG_WARN_UNREACHABLE_CODE = YES;
				CLANG_WARN__DUPLICATE_METHOD_MATCH = YES;
				COPY_PHASE_STRIP = NO;
				DEBUG_INFORMATION_FORMAT = dwarf;
				ENABLE_STRICT_OBJC_MSGSEND = YES;
				ENABLE_TESTABILITY = YES;
				ENABLE_USER_SCRIPT_SANDBOXING = YES;
				GCC_C_LANGUAGE_STANDARD = gnu17;
				GCC_DYNAMIC_NO_PIC = NO;
				GCC_NO_COMMON_BLOCKS = YES;
				GCC_OPTIMIZATION_LEVEL = 0;
				GCC_PREPROCESSOR_DEFINITIONS = (
					"DEBUG=1",
					"$(inherited)",
				);
				GCC_WARN_64_TO_32_BIT_CONVERSION = YES;
				GCC_WARN_ABOUT_RETURN_TYPE = YES_ERROR;
				GCC_WARN_UNDECLARED_SELECTOR = YES;
				GCC_WARN_UNINITIALIZED_AUTOS = YES_AGGRESSIVE;
				GCC_WARN_UNUSED_FUNCTION = YES;
				GCC_WARN_UNUSED_VARIABLE = YES;
				IPHONEOS_DEPLOYMENT_TARGET = 17.4;
				LOCALIZATION_PREFERS_STRING_CATALOGS = YES;
				MTL_ENABLE_DEBUG_INFO = INCLUDE_SOURCE;
				MTL_FAST_MATH = YES;
				ONLY_ACTIVE_ARCH = YES;
				SDKROOT = iphoneos;
				SWIFT_ACTIVE_COMPILATION_CONDITIONS = "DEBUG $(inherited)";
				SWIFT_OPTIMIZATION_LEVEL = "-Onone";
			};
			name = Debug;
		};
		09D1D0D82B9F144800091D7E /* Release */ = {
			isa = XCBuildConfiguration;
			buildSettings = {
				ALWAYS_SEARCH_USER_PATHS = NO;
				ASSETCATALOG_COMPILER_GENERATE_SWIFT_ASSET_SYMBOL_EXTENSIONS = YES;
				CLANG_ANALYZER_NONNULL = YES;
				CLANG_ANALYZER_NUMBER_OBJECT_CONVERSION = YES_AGGRESSIVE;
				CLANG_CXX_LANGUAGE_STANDARD = "gnu++20";
				CLANG_ENABLE_MODULES = YES;
				CLANG_ENABLE_OBJC_ARC = YES;
				CLANG_ENABLE_OBJC_WEAK = YES;
				CLANG_WARN_BLOCK_CAPTURE_AUTORELEASING = YES;
				CLANG_WARN_BOOL_CONVERSION = YES;
				CLANG_WARN_COMMA = YES;
				CLANG_WARN_CONSTANT_CONVERSION = YES;
				CLANG_WARN_DEPRECATED_OBJC_IMPLEMENTATIONS = YES;
				CLANG_WARN_DIRECT_OBJC_ISA_USAGE = YES_ERROR;
				CLANG_WARN_DOCUMENTATION_COMMENTS = YES;
				CLANG_WARN_EMPTY_BODY = YES;
				CLANG_WARN_ENUM_CONVERSION = YES;
				CLANG_WARN_INFINITE_RECURSION = YES;
				CLANG_WARN_INT_CONVERSION = YES;
				CLANG_WARN_NON_LITERAL_NULL_CONVERSION = YES;
				CLANG_WARN_OBJC_IMPLICIT_RETAIN_SELF = YES;
				CLANG_WARN_OBJC_LITERAL_CONVERSION = YES;
				CLANG_WARN_OBJC_ROOT_CLASS = YES_ERROR;
				CLANG_WARN_QUOTED_INCLUDE_IN_FRAMEWORK_HEADER = YES;
				CLANG_WARN_RANGE_LOOP_ANALYSIS = YES;
				CLANG_WARN_STRICT_PROTOTYPES = YES;
				CLANG_WARN_SUSPICIOUS_MOVE = YES;
				CLANG_WARN_UNGUARDED_AVAILABILITY = YES_AGGRESSIVE;
				CLANG_WARN_UNREACHABLE_CODE = YES;
				CLANG_WARN__DUPLICATE_METHOD_MATCH = YES;
				COPY_PHASE_STRIP = NO;
				DEBUG_INFORMATION_FORMAT = "dwarf-with-dsym";
				ENABLE_NS_ASSERTIONS = NO;
				ENABLE_STRICT_OBJC_MSGSEND = YES;
				ENABLE_USER_SCRIPT_SANDBOXING = YES;
				GCC_C_LANGUAGE_STANDARD = gnu17;
				GCC_NO_COMMON_BLOCKS = YES;
				GCC_WARN_64_TO_32_BIT_CONVERSION = YES;
				GCC_WARN_ABOUT_RETURN_TYPE = YES_ERROR;
				GCC_WARN_UNDECLARED_SELECTOR = YES;
				GCC_WARN_UNINITIALIZED_AUTOS = YES_AGGRESSIVE;
				GCC_WARN_UNUSED_FUNCTION = YES;
				GCC_WARN_UNUSED_VARIABLE = YES;
				IPHONEOS_DEPLOYMENT_TARGET = 17.4;
				LOCALIZATION_PREFERS_STRING_CATALOGS = YES;
				MTL_ENABLE_DEBUG_INFO = NO;
				MTL_FAST_MATH = YES;
				SDKROOT = iphoneos;
				SWIFT_COMPILATION_MODE = wholemodule;
				VALIDATE_PRODUCT = YES;
			};
			name = Release;
		};
		09D1D0DA2B9F144800091D7E /* Debug */ = {
			isa = XCBuildConfiguration;
			buildSettings = {
				ASSETCATALOG_COMPILER_APPICON_NAME = AppIcon;
				ASSETCATALOG_COMPILER_GLOBAL_ACCENT_COLOR_NAME = AccentColor;
				CODE_SIGN_STYLE = Manual;
				CURRENT_PROJECT_VERSION = 1;
				DEVELOPMENT_TEAM = "";
				GENERATE_INFOPLIST_FILE = YES;
				INFOPLIST_FILE = NurseryApp/Info.plist;
				INFOPLIST_KEY_UIApplicationSupportsIndirectInputEvents = YES;
				INFOPLIST_KEY_UILaunchStoryboardName = LaunchScreen;
				INFOPLIST_KEY_UISupportedInterfaceOrientations_iPad = "UIInterfaceOrientationPortrait UIInterfaceOrientationPortraitUpsideDown UIInterfaceOrientationLandscapeLeft UIInterfaceOrientationLandscapeRight";
				INFOPLIST_KEY_UISupportedInterfaceOrientations_iPhone = "UIInterfaceOrientationPortrait UIInterfaceOrientationLandscapeLeft UIInterfaceOrientationLandscapeRight";
				IPHONEOS_DEPLOYMENT_TARGET = 17.0;
				LD_RUNPATH_SEARCH_PATHS = (
					"$(inherited)",
					"@executable_path/Frameworks",
				);
				MARKETING_VERSION = 1.0;
				PRODUCT_BUNDLE_IDENTIFIER = coded.NurseryApp;
				PRODUCT_NAME = "$(TARGET_NAME)";
				PROVISIONING_PROFILE_SPECIFIER = "";
				SWIFT_EMIT_LOC_STRINGS = YES;
				SWIFT_VERSION = 5.0;
				TARGETED_DEVICE_FAMILY = "1,2";
			};
			name = Debug;
		};
		09D1D0DB2B9F144800091D7E /* Release */ = {
			isa = XCBuildConfiguration;
			buildSettings = {
				ASSETCATALOG_COMPILER_APPICON_NAME = AppIcon;
				ASSETCATALOG_COMPILER_GLOBAL_ACCENT_COLOR_NAME = AccentColor;
				CODE_SIGN_STYLE = Manual;
				CURRENT_PROJECT_VERSION = 1;
				DEVELOPMENT_TEAM = "";
				GENERATE_INFOPLIST_FILE = YES;
				INFOPLIST_FILE = NurseryApp/Info.plist;
				INFOPLIST_KEY_UIApplicationSupportsIndirectInputEvents = YES;
				INFOPLIST_KEY_UILaunchStoryboardName = LaunchScreen;
				INFOPLIST_KEY_UISupportedInterfaceOrientations_iPad = "UIInterfaceOrientationPortrait UIInterfaceOrientationPortraitUpsideDown UIInterfaceOrientationLandscapeLeft UIInterfaceOrientationLandscapeRight";
				INFOPLIST_KEY_UISupportedInterfaceOrientations_iPhone = "UIInterfaceOrientationPortrait UIInterfaceOrientationLandscapeLeft UIInterfaceOrientationLandscapeRight";
				IPHONEOS_DEPLOYMENT_TARGET = 17.0;
				LD_RUNPATH_SEARCH_PATHS = (
					"$(inherited)",
					"@executable_path/Frameworks",
				);
				MARKETING_VERSION = 1.0;
				PRODUCT_BUNDLE_IDENTIFIER = coded.NurseryApp;
				PRODUCT_NAME = "$(TARGET_NAME)";
				PROVISIONING_PROFILE_SPECIFIER = "";
				SWIFT_EMIT_LOC_STRINGS = YES;
				SWIFT_VERSION = 5.0;
				TARGETED_DEVICE_FAMILY = "1,2";
			};
			name = Release;
		};
/* End XCBuildConfiguration section */

/* Begin XCConfigurationList section */
		09D1D0C02B9F144700091D7E /* Build configuration list for PBXProject "NurseryApp" */ = {
			isa = XCConfigurationList;
			buildConfigurations = (
				09D1D0D72B9F144800091D7E /* Debug */,
				09D1D0D82B9F144800091D7E /* Release */,
			);
			defaultConfigurationIsVisible = 0;
			defaultConfigurationName = Release;
		};
		09D1D0D92B9F144800091D7E /* Build configuration list for PBXNativeTarget "NurseryApp" */ = {
			isa = XCConfigurationList;
			buildConfigurations = (
				09D1D0DA2B9F144800091D7E /* Debug */,
				09D1D0DB2B9F144800091D7E /* Release */,
			);
			defaultConfigurationIsVisible = 0;
			defaultConfigurationName = Release;
		};
/* End XCConfigurationList section */

/* Begin XCRemoteSwiftPackageReference section */
		4165EB022B9F1A8C00C494DD /* XCRemoteSwiftPackageReference "Eureka" */ = {
			isa = XCRemoteSwiftPackageReference;
			repositoryURL = "https://github.com/xmartlabs/Eureka";
			requirement = {
				kind = upToNextMajorVersion;
				minimumVersion = 5.4.0;
			};
		};
		4165EB052B9F1AA800C494DD /* XCRemoteSwiftPackageReference "SnapKit" */ = {
			isa = XCRemoteSwiftPackageReference;
			repositoryURL = "https://github.com/SnapKit/SnapKit.git";
			requirement = {
				kind = upToNextMajorVersion;
				minimumVersion = 5.7.1;
			};
		};
		4165EB0A2B9F1AB400C494DD /* XCRemoteSwiftPackageReference "Alamofire" */ = {
			isa = XCRemoteSwiftPackageReference;
			repositoryURL = "https://github.com/Alamofire/Alamofire";
			requirement = {
				kind = upToNextMajorVersion;
				minimumVersion = 5.9.0;
			};
		};
		4165EB0F2B9F1ACB00C494DD /* XCRemoteSwiftPackageReference "Kingfisher" */ = {
			isa = XCRemoteSwiftPackageReference;
			repositoryURL = "https://github.com/onevcat/Kingfisher";
			requirement = {
				kind = upToNextMajorVersion;
				minimumVersion = 7.11.0;
			};
		};
/* End XCRemoteSwiftPackageReference section */

/* Begin XCSwiftPackageProductDependency section */
		4165EB032B9F1A8D00C494DD /* Eureka */ = {
			isa = XCSwiftPackageProductDependency;
			package = 4165EB022B9F1A8C00C494DD /* XCRemoteSwiftPackageReference "Eureka" */;
			productName = Eureka;
		};
		4165EB062B9F1AA800C494DD /* SnapKit */ = {
			isa = XCSwiftPackageProductDependency;
			package = 4165EB052B9F1AA800C494DD /* XCRemoteSwiftPackageReference "SnapKit" */;
			productName = SnapKit;
		};
		4165EB082B9F1AA800C494DD /* SnapKit-Dynamic */ = {
			isa = XCSwiftPackageProductDependency;
			package = 4165EB052B9F1AA800C494DD /* XCRemoteSwiftPackageReference "SnapKit" */;
			productName = "SnapKit-Dynamic";
		};
		4165EB0B2B9F1AB400C494DD /* Alamofire */ = {
			isa = XCSwiftPackageProductDependency;
			package = 4165EB0A2B9F1AB400C494DD /* XCRemoteSwiftPackageReference "Alamofire" */;
			productName = Alamofire;
		};
		4165EB0D2B9F1AB400C494DD /* AlamofireDynamic */ = {
			isa = XCSwiftPackageProductDependency;
			package = 4165EB0A2B9F1AB400C494DD /* XCRemoteSwiftPackageReference "Alamofire" */;
			productName = AlamofireDynamic;
		};
		4165EB102B9F1ACB00C494DD /* Kingfisher */ = {
			isa = XCSwiftPackageProductDependency;
			package = 4165EB0F2B9F1ACB00C494DD /* XCRemoteSwiftPackageReference "Kingfisher" */;
			productName = Kingfisher;
		};
/* End XCSwiftPackageProductDependency section */
	};
	rootObject = 09D1D0BD2B9F144700091D7E /* Project object */;
}
